# This file is generated by running "yarn install" inside your project.
# Manual changes might be lost - proceed with caution!

__metadata:
  version: 6
  cacheKey: 8

"@type-challenges/utils@npm:^0.1.1":
  version: 0.1.1
  resolution: "@type-challenges/utils@npm:0.1.1"
  checksum: ded642e9f1c1329e74e94a89faa83df53601a6c044c9a7e3776affc2535b3026a05582c55f8419ea367d97f83920f92e933f017d5cc942154a15723ae5c8f9a7
  languageName: node
  linkType: hard

"my-type-challenge@workspace:.":
  version: 0.0.0-use.local
  resolution: "my-type-challenge@workspace:."
  dependencies:
    "@type-challenges/utils": ^0.1.1
  languageName: unknown
  linkType: soft
